
Microsoft Visual Studio Solution File, Format Version 12.00
# Visual Studio Version 17
VisualStudioVersion = 17.7.34031.279
MinimumVisualStudioVersion = 10.0.40219.1
Project("{FAE04EC0-301F-11D3-BF4B-00C04F79EFBC}") = "oop9", "oop9\oop9.csproj", "{D50E396F-C6A6-4BB1-AC76-F02248418B05}"
EndProject
Global
	GlobalSection(SolutionConfigurationPlatforms) = preSolution
		Debug|Any CPU = Debug|Any CPU
		Release|Any CPU = Release|Any CPU
	EndGlobalSection
	GlobalSection(ProjectConfigurationPlatforms) = postSolution
		{D50E396F-C6A6-4BB1-AC76-F02248418B05}.Debug|Any CPU.ActiveCfg = Debug|Any CPU
		{D50E396F-C6A6-4BB1-AC76-F02248418B05}.Debug|Any CPU.Build.0 = Debug|Any CPU
		{D50E396F-C6A6-4BB1-AC76-F02248418B05}.Release|Any CPU.ActiveCfg = Release|Any CPU
		{D50E396F-C6A6-4BB1-AC76-F02248418B05}.Release|Any CPU.Build.0 = Release|Any CPU
	EndGlobalSection
	GlobalSection(SolutionProperties) = preSolution
		HideSolutionNode = FALSE
	EndGlobalSection
	GlobalSection(ExtensibilityGlobals) = postSolution
		SolutionGuid = {46BAC8F2-8E80-4CB1-9966-C7F827B3446F}
	EndGlobalSection
EndGlobal
